<?xml version="1.0" encoding="utf-8"?>
<Project ToolsVersion="4.0" xmlns="http://schemas.microsoft.com/developer/msbuild/2003">
  <ItemGroup>
    <ClCompile Include="Src\Main.cpp">
      <Filter>Src</Filter>
    </ClCompile>
    <ClCompile Include="External\imgui\imgui.cpp">
      <Filter>External</Filter>
    </ClCompile>
    <ClCompile Include="External\imgui\imgui_demo.cpp">
      <Filter>External</Filter>
    </ClCompile>
    <ClCompile Include="External\imgui\imgui_draw.cpp">
      <Filter>External</Filter>
    </ClCompile>
    <ClCompile Include="External\imgui\imgui_impl_glfw.cpp">
      <Filter>External</Filter>
    </ClCompile>
    <ClCompile Include="External\imgui\imgui_impl_opengl2.cpp">
      <Filter>External</Filter>
    </ClCompile>
    <ClCompile Include="External\imgui\imgui_tables.cpp">
      <Filter>External</Filter>
    </ClCompile>
    <ClCompile Include="External\imgui\imgui_widgets.cpp">
      <Filter>External</Filter>
    </ClCompile>
    <ClCompile Include="Src\GameConnection.cpp">
      <Filter>Src</Filter>
    </ClCompile>
    <ClCompile Include="Src\GameConnectionManager.cpp">
      <Filter>Src</Filter>
    </ClCompile>
    <ClCompile Include="Src\GameConnectionRPCs.cpp">
      <Filter>Src</Filter>
    </ClCompile>
    <ClCompile Include="Src\ObservedGameMemory.cpp">
      <Filter>Src</Filter>
    </ClCompile>
    <ClCompile Include="Src\GameData.cpp">
      <Filter>Src</Filter>
    </ClCompile>
    <ClCompile Include="Src\Behaviours\MultiplayerBehaviour.cpp">
      <Filter>Src\Behaviours</Filter>
    </ClCompile>
    <ClCompile Include="Src\Timer.cpp">
      <Filter>Src</Filter>
    </ClCompile>
    <ClCompile Include="Src\Behaviours\CommonBehaviour.cpp">
      <Filter>Src\Behaviours</Filter>
    </ClCompile>
    <ClCompile Include="Src\UI\Window.cpp">
      <Filter>Src\UI</Filter>
    </ClCompile>
    <ClCompile Include="Src\UI\PrimaryUI.cpp">
      <Filter>Src\UI</Filter>
    </ClCompile>
    <ClCompile Include="Src\Assets.cpp">
      <Filter>Src</Filter>
    </ClCompile>
    <ClCompile Include="Src\Behaviours\HomeBoxBehaviour.cpp">
      <Filter>Src\Behaviours</Filter>
    </ClCompile>
    <ClCompile Include="Src\UserData.cpp">
      <Filter>Src</Filter>
    </ClCompile>
    <ClCompile Include="Src\DataStream.cpp">
      <Filter>Src</Filter>
    </ClCompile>
  </ItemGroup>
  <ItemGroup>
    <ClInclude Include="External\imgui\imstb_truetype.h">
      <Filter>External</Filter>
    </ClInclude>
    <ClInclude Include="External\imgui\imconfig.h">
      <Filter>External</Filter>
    </ClInclude>
    <ClInclude Include="External\imgui\imgui.h">
      <Filter>External</Filter>
    </ClInclude>
    <ClInclude Include="External\imgui\imgui_impl_glfw.h">
      <Filter>External</Filter>
    </ClInclude>
    <ClInclude Include="External\imgui\imgui_impl_opengl2.h">
      <Filter>External</Filter>
    </ClInclude>
    <ClInclude Include="External\imgui\imgui_internal.h">
      <Filter>External</Filter>
    </ClInclude>
    <ClInclude Include="External\imgui\imstb_rectpack.h">
      <Filter>External</Filter>
    </ClInclude>
    <ClInclude Include="External\imgui\imstb_textedit.h">
      <Filter>External</Filter>
    </ClInclude>
    <ClInclude Include="Inc\Log.h">
      <Filter>Inc</Filter>
    </ClInclude>
    <ClInclude Include="Inc\Defines.h">
      <Filter>Inc</Filter>
    </ClInclude>
    <ClInclude Include="Inc\GameConnection.h">
      <Filter>Inc</Filter>
    </ClInclude>
    <ClInclude Include="Inc\GameConnectionManager.h">
      <Filter>Inc</Filter>
    </ClInclude>
    <ClInclude Include="Inc\GameData.h">
      <Filter>Inc</Filter>
    </ClInclude>
    <ClInclude Include="Inc\GameConnectionRPCs.h">
      <Filter>Inc</Filter>
    </ClInclude>
    <ClInclude Include="Inc\ObservedGameMemory.h">
      <Filter>Inc</Filter>
    </ClInclude>
    <ClInclude Include="Inc\GameConnectionMessage.h">
      <Filter>Inc</Filter>
    </ClInclude>
    <ClInclude Include="Inc\GameConnectionBehaviour.h">
      <Filter>Inc</Filter>
    </ClInclude>
    <ClInclude Include="Inc\Behaviours\MultiplayerBehaviour.h">
      <Filter>Inc\Behaviours</Filter>
    </ClInclude>
    <ClInclude Include="Inc\Timer.h">
      <Filter>Inc</Filter>
    </ClInclude>
    <ClInclude Include="Inc\Behaviours\CommonBehaviour.h">
      <Filter>Inc\Behaviours</Filter>
    </ClInclude>
    <ClInclude Include="Inc\UI\Window.h">
      <Filter>Inc\UI</Filter>
    </ClInclude>
    <ClInclude Include="Inc\UI\PrimaryUI.h">
      <Filter>Inc\UI</Filter>
    </ClInclude>
    <ClInclude Include="Inc\Assets.h">
      <Filter>Inc</Filter>
    </ClInclude>
    <ClInclude Include="Inc\StringUtils.h">
      <Filter>Inc</Filter>
    </ClInclude>
    <ClInclude Include="Inc\Behaviours\HomeBoxBehaviour.h">
      <Filter>Inc\Behaviours</Filter>
    </ClInclude>
    <ClInclude Include="Inc\UserData.h">
      <Filter>Inc</Filter>
    </ClInclude>
    <ClInclude Include="Inc\DataStream.h">
      <Filter>Inc</Filter>
    </ClInclude>
  </ItemGroup>
  <ItemGroup>
    <Filter Include="External">
      <UniqueIdentifier>{e4417e76-16cd-49e2-a768-7d0b9f67bd8e}</UniqueIdentifier>
    </Filter>
    <Filter Include="Src">
      <UniqueIdentifier>{b0994a8c-46cc-42da-9357-3741dcdb6f50}</UniqueIdentifier>
    </Filter>
    <Filter Include="Inc">
      <UniqueIdentifier>{af55443b-3dcc-4987-bd7e-38ae5bd59537}</UniqueIdentifier>
    </Filter>
    <Filter Include="Inc\Behaviours">
      <UniqueIdentifier>{84f54e61-f7c0-4476-a8db-46a0edde9dc3}</UniqueIdentifier>
    </Filter>
    <Filter Include="Src\Behaviours">
      <UniqueIdentifier>{b1977417-dc41-456e-9ceb-c30e9975a76b}</UniqueIdentifier>
    </Filter>
    <Filter Include="Inc\UI">
      <UniqueIdentifier>{85c1db9b-57d9-4640-8e88-d07189f2c068}</UniqueIdentifier>
    </Filter>
    <Filter Include="Src\UI">
      <UniqueIdentifier>{807a428c-7dd3-4788-b9ba-3dc50438f964}</UniqueIdentifier>
    </Filter>
  </ItemGroup>
  <ItemGroup>
    <None Include="Assets\RogueAssistant_mGBA.lua" />
  </ItemGroup>
</Project>