
Microsoft Visual Studio Solution File, Format Version 12.00
# Visual Studio Version 16
VisualStudioVersion = 16.0.30717.126
MinimumVisualStudioVersion = 10.0.40219.1
Project("{8BC9CEB8-8B4A-11D0-8D11-00A0C91BC942}") = "PokemonQueryBaker", "PokemonQueryBaker\PokemonQueryBaker.vcxproj", "{258F6CA2-53F7-458B-A580-DA6C8E5A6D77}"
EndProject
Global
	GlobalSection(SolutionConfigurationPlatforms) = preSolution
		Debug|x64 = Debug|x64
		Debug|x86 = Debug|x86
		Release|x64 = Release|x64
		Release|x86 = Release|x86
	EndGlobalSection
	GlobalSection(ProjectConfigurationPlatforms) = postSolution
		{258F6CA2-53F7-458B-A580-DA6C8E5A6D77}.Debug|x64.ActiveCfg = Debug|x64
		{258F6CA2-53F7-458B-A580-DA6C8E5A6D77}.Debug|x64.Build.0 = Debug|x64
		{258F6CA2-53F7-458B-A580-DA6C8E5A6D77}.Debug|x86.ActiveCfg = Debug|Win32
		{258F6CA2-53F7-458B-A580-DA6C8E5A6D77}.Debug|x86.Build.0 = Debug|Win32
		{258F6CA2-53F7-458B-A580-DA6C8E5A6D77}.Release|x64.ActiveCfg = Release|x64
		{258F6CA2-53F7-458B-A580-DA6C8E5A6D77}.Release|x64.Build.0 = Release|x64
		{258F6CA2-53F7-458B-A580-DA6C8E5A6D77}.Release|x86.ActiveCfg = Release|Win32
		{258F6CA2-53F7-458B-A580-DA6C8E5A6D77}.Release|x86.Build.0 = Release|Win32
	EndGlobalSection
	GlobalSection(SolutionProperties) = preSolution
		HideSolutionNode = FALSE
	EndGlobalSection
	GlobalSection(ExtensibilityGlobals) = postSolution
		SolutionGuid = {66496A09-29F7-4B14-91A7-FD105D5F1E28}
	EndGlobalSection
EndGlobal
