
Microsoft Visual Studio Solution File, Format Version 12.00
# Visual Studio Version 16
VisualStudioVersion = 16.0.30717.126
MinimumVisualStudioVersion = 10.0.40219.1
Project("{FAE04EC0-301F-11D3-BF4B-00C04F79EFBC}") = "VariantGenerator", "VariantGenerator\VariantGenerator.csproj", "{6059A0F8-6D56-456E-B77C-2919D536A9A5}"
EndProject
Global
	GlobalSection(SolutionConfigurationPlatforms) = preSolution
		Debug|Any CPU = Debug|Any CPU
		Release|Any CPU = Release|Any CPU
	EndGlobalSection
	GlobalSection(ProjectConfigurationPlatforms) = postSolution
		{6059A0F8-6D56-456E-B77C-2919D536A9A5}.Debug|Any CPU.ActiveCfg = Debug|Any CPU
		{6059A0F8-6D56-456E-B77C-2919D536A9A5}.Debug|Any CPU.Build.0 = Debug|Any CPU
		{6059A0F8-6D56-456E-B77C-2919D536A9A5}.Release|Any CPU.ActiveCfg = Release|Any CPU
		{6059A0F8-6D56-456E-B77C-2919D536A9A5}.Release|Any CPU.Build.0 = Release|Any CPU
	EndGlobalSection
	GlobalSection(SolutionProperties) = preSolution
		HideSolutionNode = FALSE
	EndGlobalSection
	GlobalSection(ExtensibilityGlobals) = postSolution
		SolutionGuid = {6A893F11-1F47-4C9D-8659-6265AF252A4B}
	EndGlobalSection
EndGlobal
