
Microsoft Visual Studio Solution File, Format Version 12.00
# Visual Studio Version 16
VisualStudioVersion = 16.0.30717.126
MinimumVisualStudioVersion = 10.0.40219.1
Project("{8BC9CEB8-8B4A-11D0-8D11-00A0C91BC942}") = "RogueAssistantCpp", "RogueAssistantCpp\RogueAssistantCpp.vcxproj", "{136CC1CA-999B-4240-ABE8-89DE5A017778}"
EndProject
Project("{FAE04EC0-301F-11D3-BF4B-00C04F79EFBC}") = "RogueAssistantNET", "RogueAssistantNET\RogueAssistantNET.csproj", "{A3987CF7-CE71-431C-9370-67F46F0E921D}"
EndProject
Project("{FAE04EC0-301F-11D3-BF4B-00C04F79EFBC}") = "RogueAssistantUI", "RogueAssistantUI\RogueAssistantUI.csproj", "{6C2585E6-A4BC-48AF-B706-A1BC02E10250}"
EndProject
Global
	GlobalSection(SolutionConfigurationPlatforms) = preSolution
		Debug|Any CPU = Debug|Any CPU
		Debug|x64 = Debug|x64
		Debug|x86 = Debug|x86
		Release|Any CPU = Release|Any CPU
		Release|x64 = Release|x64
		Release|x86 = Release|x86
	EndGlobalSection
	GlobalSection(ProjectConfigurationPlatforms) = postSolution
		{136CC1CA-999B-4240-ABE8-89DE5A017778}.Debug|Any CPU.ActiveCfg = Debug|Win32
		{136CC1CA-999B-4240-ABE8-89DE5A017778}.Debug|x64.ActiveCfg = Debug|x64
		{136CC1CA-999B-4240-ABE8-89DE5A017778}.Debug|x64.Build.0 = Debug|x64
		{136CC1CA-999B-4240-ABE8-89DE5A017778}.Debug|x86.ActiveCfg = Debug|Win32
		{136CC1CA-999B-4240-ABE8-89DE5A017778}.Debug|x86.Build.0 = Debug|Win32
		{136CC1CA-999B-4240-ABE8-89DE5A017778}.Release|Any CPU.ActiveCfg = Release|Win32
		{136CC1CA-999B-4240-ABE8-89DE5A017778}.Release|x64.ActiveCfg = Release|x64
		{136CC1CA-999B-4240-ABE8-89DE5A017778}.Release|x64.Build.0 = Release|x64
		{136CC1CA-999B-4240-ABE8-89DE5A017778}.Release|x86.ActiveCfg = Release|Win32
		{136CC1CA-999B-4240-ABE8-89DE5A017778}.Release|x86.Build.0 = Release|Win32
		{A3987CF7-CE71-431C-9370-67F46F0E921D}.Debug|Any CPU.ActiveCfg = Debug|Any CPU
		{A3987CF7-CE71-431C-9370-67F46F0E921D}.Debug|Any CPU.Build.0 = Debug|Any CPU
		{A3987CF7-CE71-431C-9370-67F46F0E921D}.Debug|x64.ActiveCfg = Debug|Any CPU
		{A3987CF7-CE71-431C-9370-67F46F0E921D}.Debug|x64.Build.0 = Debug|Any CPU
		{A3987CF7-CE71-431C-9370-67F46F0E921D}.Debug|x86.ActiveCfg = Debug|Any CPU
		{A3987CF7-CE71-431C-9370-67F46F0E921D}.Debug|x86.Build.0 = Debug|Any CPU
		{A3987CF7-CE71-431C-9370-67F46F0E921D}.Release|Any CPU.ActiveCfg = Release|Any CPU
		{A3987CF7-CE71-431C-9370-67F46F0E921D}.Release|Any CPU.Build.0 = Release|Any CPU
		{A3987CF7-CE71-431C-9370-67F46F0E921D}.Release|x64.ActiveCfg = Release|Any CPU
		{A3987CF7-CE71-431C-9370-67F46F0E921D}.Release|x64.Build.0 = Release|Any CPU
		{A3987CF7-CE71-431C-9370-67F46F0E921D}.Release|x86.ActiveCfg = Release|Any CPU
		{A3987CF7-CE71-431C-9370-67F46F0E921D}.Release|x86.Build.0 = Release|Any CPU
		{6C2585E6-A4BC-48AF-B706-A1BC02E10250}.Debug|Any CPU.ActiveCfg = Debug|x86
		{6C2585E6-A4BC-48AF-B706-A1BC02E10250}.Debug|x64.ActiveCfg = Debug|x86
		{6C2585E6-A4BC-48AF-B706-A1BC02E10250}.Debug|x86.ActiveCfg = Debug|x86
		{6C2585E6-A4BC-48AF-B706-A1BC02E10250}.Debug|x86.Build.0 = Debug|x86
		{6C2585E6-A4BC-48AF-B706-A1BC02E10250}.Release|Any CPU.ActiveCfg = Release|x86
		{6C2585E6-A4BC-48AF-B706-A1BC02E10250}.Release|x64.ActiveCfg = Release|x86
		{6C2585E6-A4BC-48AF-B706-A1BC02E10250}.Release|x86.ActiveCfg = Release|x86
		{6C2585E6-A4BC-48AF-B706-A1BC02E10250}.Release|x86.Build.0 = Release|x86
	EndGlobalSection
	GlobalSection(SolutionProperties) = preSolution
		HideSolutionNode = FALSE
	EndGlobalSection
	GlobalSection(ExtensibilityGlobals) = postSolution
		SolutionGuid = {7B38E369-6851-495E-B215-1CA4BF995A93}
	EndGlobalSection
EndGlobal
